
Microsoft Visual Studio Solution File, Format Version 12.00
# Visual Studio Version 17
VisualStudioVersion = 17.0.31903.59
MinimumVisualStudioVersion = 10.0.40219.1
Project("{FAE04EC0-301F-11D3-BF4B-00C04F79EFBC}") = "FizzBuzz", "FizzBuzz\FizzBuzz.csproj", "{705B4041-7607-4014-A31C-0E64B7ADEF78}"
EndProject
Project("{FAE04EC0-301F-11D3-BF4B-00C04F79EFBC}") = "FizzBuzzTest", "FizzBuzzTest\FizzBuzzTest.csproj", "{FC4C8ED5-1808-417A-8850-B8B353E93D8B}"
EndProject
Project("{F2A71F9B-5D33-465A-A702-920D77279786}") = "FizzBuzzFSharp", "FizzBuzzFSharp\FizzBuzzFSharp.fsproj", "{C0C31CB9-3A59-4001-943C-908999EA6F42}"
EndProject
Project("{F2A71F9B-5D33-465A-A702-920D77279786}") = "FizzBuzzFSharpTest", "FizzBuzzFSharpTest\FizzBuzzFSharpTest.fsproj", "{D44A3CB6-2BCA-4B65-9E5A-F882CA6AD215}"
EndProject
Global
	GlobalSection(SolutionConfigurationPlatforms) = preSolution
		Debug|Any CPU = Debug|Any CPU
		Release|Any CPU = Release|Any CPU
	EndGlobalSection
	GlobalSection(SolutionProperties) = preSolution
		HideSolutionNode = FALSE
	EndGlobalSection
	GlobalSection(ProjectConfigurationPlatforms) = postSolution
		{705B4041-7607-4014-A31C-0E64B7ADEF78}.Debug|Any CPU.ActiveCfg = Debug|Any CPU
		{705B4041-7607-4014-A31C-0E64B7ADEF78}.Debug|Any CPU.Build.0 = Debug|Any CPU
		{705B4041-7607-4014-A31C-0E64B7ADEF78}.Release|Any CPU.ActiveCfg = Release|Any CPU
		{705B4041-7607-4014-A31C-0E64B7ADEF78}.Release|Any CPU.Build.0 = Release|Any CPU
		{FC4C8ED5-1808-417A-8850-B8B353E93D8B}.Debug|Any CPU.ActiveCfg = Debug|Any CPU
		{FC4C8ED5-1808-417A-8850-B8B353E93D8B}.Debug|Any CPU.Build.0 = Debug|Any CPU
		{FC4C8ED5-1808-417A-8850-B8B353E93D8B}.Release|Any CPU.ActiveCfg = Release|Any CPU
		{FC4C8ED5-1808-417A-8850-B8B353E93D8B}.Release|Any CPU.Build.0 = Release|Any CPU
		{C0C31CB9-3A59-4001-943C-908999EA6F42}.Debug|Any CPU.ActiveCfg = Debug|Any CPU
		{C0C31CB9-3A59-4001-943C-908999EA6F42}.Debug|Any CPU.Build.0 = Debug|Any CPU
		{C0C31CB9-3A59-4001-943C-908999EA6F42}.Release|Any CPU.ActiveCfg = Release|Any CPU
		{C0C31CB9-3A59-4001-943C-908999EA6F42}.Release|Any CPU.Build.0 = Release|Any CPU
		{D44A3CB6-2BCA-4B65-9E5A-F882CA6AD215}.Debug|Any CPU.ActiveCfg = Debug|Any CPU
		{D44A3CB6-2BCA-4B65-9E5A-F882CA6AD215}.Debug|Any CPU.Build.0 = Debug|Any CPU
		{D44A3CB6-2BCA-4B65-9E5A-F882CA6AD215}.Release|Any CPU.ActiveCfg = Release|Any CPU
		{D44A3CB6-2BCA-4B65-9E5A-F882CA6AD215}.Release|Any CPU.Build.0 = Release|Any CPU
	EndGlobalSection
EndGlobal
